
Microsoft Visual Studio Solution File, Format Version 12.00
# Visual Studio Version 16
VisualStudioVersion = 16.0.29418.71
MinimumVisualStudioVersion = 10.0.40219.1
Project("{9A19103F-16F7-4668-BE54-9A1E7A4F7556}") = "GraphAlgorithms.BreadthFirstSearch", "BreadthFirstSearch\GraphAlgorithms.BreadthFirstSearch.csproj", "{6687AA69-A414-4599-9BD4-4A5F586CAD0A}"
EndProject
Project("{9A19103F-16F7-4668-BE54-9A1E7A4F7556}") = "DijsktraAlgo", "DijsktraAlgo\DijsktraAlgo.csproj", "{EAE75F37-4968-459A-8F0F-902CA0D4714A}"
EndProject
Project("{9A19103F-16F7-4668-BE54-9A1E7A4F7556}") = "GraphAlgorithms.DepthFirstSearch", "DepthFirstSearch\GraphAlgorithms.DepthFirstSearch.csproj", "{C83AAE31-3670-445F-83F6-77AE6EA16685}"
EndProject
Global
	GlobalSection(SolutionConfigurationPlatforms) = preSolution
		Debug|Any CPU = Debug|Any CPU
		Release|Any CPU = Release|Any CPU
	EndGlobalSection
	GlobalSection(ProjectConfigurationPlatforms) = postSolution
		{6687AA69-A414-4599-9BD4-4A5F586CAD0A}.Debug|Any CPU.ActiveCfg = Debug|Any CPU
		{6687AA69-A414-4599-9BD4-4A5F586CAD0A}.Debug|Any CPU.Build.0 = Debug|Any CPU
		{6687AA69-A414-4599-9BD4-4A5F586CAD0A}.Release|Any CPU.ActiveCfg = Release|Any CPU
		{6687AA69-A414-4599-9BD4-4A5F586CAD0A}.Release|Any CPU.Build.0 = Release|Any CPU
		{EAE75F37-4968-459A-8F0F-902CA0D4714A}.Debug|Any CPU.ActiveCfg = Debug|Any CPU
		{EAE75F37-4968-459A-8F0F-902CA0D4714A}.Debug|Any CPU.Build.0 = Debug|Any CPU
		{EAE75F37-4968-459A-8F0F-902CA0D4714A}.Release|Any CPU.ActiveCfg = Release|Any CPU
		{EAE75F37-4968-459A-8F0F-902CA0D4714A}.Release|Any CPU.Build.0 = Release|Any CPU
		{C83AAE31-3670-445F-83F6-77AE6EA16685}.Debug|Any CPU.ActiveCfg = Debug|Any CPU
		{C83AAE31-3670-445F-83F6-77AE6EA16685}.Debug|Any CPU.Build.0 = Debug|Any CPU
		{C83AAE31-3670-445F-83F6-77AE6EA16685}.Release|Any CPU.ActiveCfg = Release|Any CPU
		{C83AAE31-3670-445F-83F6-77AE6EA16685}.Release|Any CPU.Build.0 = Release|Any CPU
	EndGlobalSection
	GlobalSection(SolutionProperties) = preSolution
		HideSolutionNode = FALSE
	EndGlobalSection
	GlobalSection(ExtensibilityGlobals) = postSolution
		SolutionGuid = {2A85E307-CDBD-4512-A12D-D3C44EFEEB16}
	EndGlobalSection
EndGlobal
